// !$*UTF8*$!
{
	archiveVersion = 1;
	classes = {
	};
	objectVersion = 46;
	objects = {

/* Begin PBXFileReference section */
		055EB3C01A924602009ACFEC /* locale.h */ = {isa = PBXFileReference; fileEncoding = 4; lastKnownFileType = sourcecode.c.h; path = locale.h; sourceTree = "<group>"; };
		055EB3C11A924602009ACFEC /* atomic.h */ = {isa = PBXFileReference; fileEncoding = 4; lastKnownFileType = sourcecode.c.h; path = atomic.h; sourceTree = "<group>"; };
		055EB3C21A924602009ACFEC /* error.h */ = {isa = PBXFileReference; fileEncoding = 4; lastKnownFileType = sourcecode.c.h; path = error.h; sourceTree = "<group>"; };
		055EB3C31A924602009ACFEC /* locale.h */ = {isa = PBXFileReference; fileEncoding = 4; lastKnownFileType = sourcecode.c.h; path = locale.h; sourceTree = "<group>"; };
		055EB3C41A924602009ACFEC /* macros.h */ = {isa = PBXFileReference; fileEncoding = 4; lastKnownFileType = sourcecode.c.h; path = macros.h; sourceTree = "<group>"; };
		055EB3C51A924602009ACFEC /* syscall.h */ = {isa = PBXFileReference; fileEncoding = 4; lastKnownFileType = sourcecode.c.h; path = syscall.h; sourceTree = "<group>"; };
		055EB3C81A924602009ACFEC /* stdint.h */ = {isa = PBXFileReference; fileEncoding = 4; lastKnownFileType = sourcecode.c.h; path = stdint.h; sourceTree = "<group>"; };
		055EB3C91A924602009ACFEC /* threads.h */ = {isa = PBXFileReference; fileEncoding = 4; lastKnownFileType = sourcecode.c.h; path = threads.h; sourceTree = "<group>"; };
		055EB3CA1A924602009ACFEC /* blkcnt_t.h */ = {isa = PBXFileReference; fileEncoding = 4; lastKnownFileType = sourcecode.c.h; path = blkcnt_t.h; sourceTree = "<group>"; };
		055EB3CB1A924602009ACFEC /* blksize_t.h */ = {isa = PBXFileReference; fileEncoding = 4; lastKnownFileType = sourcecode.c.h; path = blksize_t.h; sourceTree = "<group>"; };
		055EB3CC1A924602009ACFEC /* clock_t.h */ = {isa = PBXFileReference; fileEncoding = 4; lastKnownFileType = sourcecode.c.h; path = clock_t.h; sourceTree = "<group>"; };
		055EB3CD1A924602009ACFEC /* clockid_t.h */ = {isa = PBXFileReference; fileEncoding = 4; lastKnownFileType = sourcecode.c.h; path = clockid_t.h; sourceTree = "<group>"; };
		055EB3CE1A924602009ACFEC /* cnd_t.h */ = {isa = PBXFileReference; fileEncoding = 4; lastKnownFileType = sourcecode.c.h; path = cnd_t.h; sourceTree = "<group>"; };
		055EB3CF1A924602009ACFEC /* dev_t.h */ = {isa = PBXFileReference; fileEncoding = 4; lastKnownFileType = sourcecode.c.h; path = dev_t.h; sourceTree = "<group>"; };
		055EB3D01A924602009ACFEC /* div_t.h */ = {isa = PBXFileReference; fileEncoding = 4; lastKnownFileType = sourcecode.c.h; path = div_t.h; sourceTree = "<group>"; };
		055EB3D11A924602009ACFEC /* double_t.h */ = {isa = PBXFileReference; fileEncoding = 4; lastKnownFileType = sourcecode.c.h; path = double_t.h; sourceTree = "<group>"; };
		055EB3D21A924602009ACFEC /* fenv_t.h */ = {isa = PBXFileReference; fileEncoding = 4; lastKnownFileType = sourcecode.c.h; path = fenv_t.h; sourceTree = "<group>"; };
		055EB3D31A924602009ACFEC /* fexcept_t.h */ = {isa = PBXFileReference; fileEncoding = 4; lastKnownFileType = sourcecode.c.h; path = fexcept_t.h; sourceTree = "<group>"; };
		055EB3D41A924602009ACFEC /* file.h */ = {isa = PBXFileReference; fileEncoding = 4; lastKnownFileType = sourcecode.c.h; path = file.h; sourceTree = "<group>"; };
		055EB3D51A924602009ACFEC /* float_t.h */ = {isa = PBXFileReference; fileEncoding = 4; lastKnownFileType = sourcecode.c.h; path = float_t.h; sourceTree = "<group>"; };
		055EB3D61A924602009ACFEC /* flt_eval_method.h */ = {isa = PBXFileReference; fileEncoding = 4; lastKnownFileType = sourcecode.c.h; path = flt_eval_method.h; sourceTree = "<group>"; };
		055EB3D71A924602009ACFEC /* fpos_t.h */ = {isa = PBXFileReference; fileEncoding = 4; lastKnownFileType = sourcecode.c.h; path = fpos_t.h; sourceTree = "<group>"; };
		055EB3D81A924602009ACFEC /* fsblkcnt_t.h */ = {isa = PBXFileReference; fileEncoding = 4; lastKnownFileType = sourcecode.c.h; path = fsblkcnt_t.h; sourceTree = "<group>"; };
		055EB3D91A924602009ACFEC /* fsfilcnt_t.h */ = {isa = PBXFileReference; fileEncoding = 4; lastKnownFileType = sourcecode.c.h; path = fsfilcnt_t.h; sourceTree = "<group>"; };
		055EB3DA1A924602009ACFEC /* gid_t.h */ = {isa = PBXFileReference; fileEncoding = 4; lastKnownFileType = sourcecode.c.h; path = gid_t.h; sourceTree = "<group>"; };
		055EB3DB1A924602009ACFEC /* iconv_t.h */ = {isa = PBXFileReference; fileEncoding = 4; lastKnownFileType = sourcecode.c.h; path = iconv_t.h; sourceTree = "<group>"; };
		055EB3DC1A924602009ACFEC /* id_t.h */ = {isa = PBXFileReference; fileEncoding = 4; lastKnownFileType = sourcecode.c.h; path = id_t.h; sourceTree = "<group>"; };
		055EB3DD1A924602009ACFEC /* in_addr_t.h */ = {isa = PBXFileReference; fileEncoding = 4; lastKnownFileType = sourcecode.c.h; path = in_addr_t.h; sourceTree = "<group>"; };
		055EB3DE1A924602009ACFEC /* in_port_t.h */ = {isa = PBXFileReference; fileEncoding = 4; lastKnownFileType = sourcecode.c.h; path = in_port_t.h; sourceTree = "<group>"; };
		055EB3DF1A924602009ACFEC /* inet6_addrstrlen.h */ = {isa = PBXFileReference; fileEncoding = 4; lastKnownFileType = sourcecode.c.h; path = inet6_addrstrlen.h; sourceTree = "<group>"; };
		055EB3E01A924602009ACFEC /* inet_addrstrlen.h */ = {isa = PBXFileReference; fileEncoding = 4; lastKnownFileType = sourcecode.c.h; path = inet_addrstrlen.h; sourceTree = "<group>"; };
		055EB3E11A924602009ACFEC /* ino_t.h */ = {isa = PBXFileReference; fileEncoding = 4; lastKnownFileType = sourcecode.c.h; path = ino_t.h; sourceTree = "<group>"; };
		055EB3E21A924602009ACFEC /* int16_t.h */ = {isa = PBXFileReference; fileEncoding = 4; lastKnownFileType = sourcecode.c.h; path = int16_t.h; sourceTree = "<group>"; };
		055EB3E31A924602009ACFEC /* int32_t.h */ = {isa = PBXFileReference; fileEncoding = 4; lastKnownFileType = sourcecode.c.h; path = int32_t.h; sourceTree = "<group>"; };
		055EB3E41A924602009ACFEC /* int64_t.h */ = {isa = PBXFileReference; fileEncoding = 4; lastKnownFileType = sourcecode.c.h; path = int64_t.h; sourceTree = "<group>"; };
		055EB3E51A924602009ACFEC /* int8_t.h */ = {isa = PBXFileReference; fileEncoding = 4; lastKnownFileType = sourcecode.c.h; path = int8_t.h; sourceTree = "<group>"; };
		055EB3E61A924602009ACFEC /* int_fast16_t.h */ = {isa = PBXFileReference; fileEncoding = 4; lastKnownFileType = sourcecode.c.h; path = int_fast16_t.h; sourceTree = "<group>"; };
		055EB3E71A924602009ACFEC /* int_fast32_t.h */ = {isa = PBXFileReference; fileEncoding = 4; lastKnownFileType = sourcecode.c.h; path = int_fast32_t.h; sourceTree = "<group>"; };
		055EB3E81A924602009ACFEC /* int_fast64_t.h */ = {isa = PBXFileReference; fileEncoding = 4; lastKnownFileType = sourcecode.c.h; path = int_fast64_t.h; sourceTree = "<group>"; };
		055EB3E91A924602009ACFEC /* int_fast8_t.h */ = {isa = PBXFileReference; fileEncoding = 4; lastKnownFileType = sourcecode.c.h; path = int_fast8_t.h; sourceTree = "<group>"; };
		055EB3EA1A924602009ACFEC /* int_least16_t.h */ = {isa = PBXFileReference; fileEncoding = 4; lastKnownFileType = sourcecode.c.h; path = int_least16_t.h; sourceTree = "<group>"; };
		055EB3EB1A924602009ACFEC /* int_least32_t.h */ = {isa = PBXFileReference; fileEncoding = 4; lastKnownFileType = sourcecode.c.h; path = int_least32_t.h; sourceTree = "<group>"; };
		055EB3EC1A924602009ACFEC /* int_least64_t.h */ = {isa = PBXFileReference; fileEncoding = 4; lastKnownFileType = sourcecode.c.h; path = int_least64_t.h; sourceTree = "<group>"; };
		055EB3ED1A924602009ACFEC /* int_least8_t.h */ = {isa = PBXFileReference; fileEncoding = 4; lastKnownFileType = sourcecode.c.h; path = int_least8_t.h; sourceTree = "<group>"; };
		055EB3EE1A924602009ACFEC /* intmax_t.h */ = {isa = PBXFileReference; fileEncoding = 4; lastKnownFileType = sourcecode.c.h; path = intmax_t.h; sourceTree = "<group>"; };
		055EB3EF1A924602009ACFEC /* intptr_t.h */ = {isa = PBXFileReference; fileEncoding = 4; lastKnownFileType = sourcecode.c.h; path = intptr_t.h; sourceTree = "<group>"; };
		055EB3F01A924602009ACFEC /* jmp_buf.h */ = {isa = PBXFileReference; fileEncoding = 4; lastKnownFileType = sourcecode.c.h; path = jmp_buf.h; sourceTree = "<group>"; };
		055EB3F11A924602009ACFEC /* key_t.h */ = {isa = PBXFileReference; fileEncoding = 4; lastKnownFileType = sourcecode.c.h; path = key_t.h; sourceTree = "<group>"; };
		055EB3F21A924602009ACFEC /* ldiv_t.h */ = {isa = PBXFileReference; fileEncoding = 4; lastKnownFileType = sourcecode.c.h; path = ldiv_t.h; sourceTree = "<group>"; };
		055EB3F31A924602009ACFEC /* lldiv_t.h */ = {isa = PBXFileReference; fileEncoding = 4; lastKnownFileType = sourcecode.c.h; path = lldiv_t.h; sourceTree = "<group>"; };
		055EB3F41A924602009ACFEC /* locale_t.h */ = {isa = PBXFileReference; fileEncoding = 4; lastKnownFileType = sourcecode.c.h; path = locale_t.h; sourceTree = "<group>"; };
		055EB3F51A924602009ACFEC /* mcontext_t.h */ = {isa = PBXFileReference; fileEncoding = 4; lastKnownFileType = sourcecode.c.h; path = mcontext_t.h; sourceTree = "<group>"; };
		055EB3F61A924602009ACFEC /* mode_t.h */ = {isa = PBXFileReference; fileEncoding = 4; lastKnownFileType = sourcecode.c.h; path = mode_t.h; sourceTree = "<group>"; };
		055EB3F71A924602009ACFEC /* mtx_t.h */ = {isa = PBXFileReference; fileEncoding = 4; lastKnownFileType = sourcecode.c.h; path = mtx_t.h; sourceTree = "<group>"; };
		055EB3F81A924602009ACFEC /* nlink_t.h */ = {isa = PBXFileReference; fileEncoding = 4; lastKnownFileType = sourcecode.c.h; path = nlink_t.h; sourceTree = "<group>"; };
		055EB3F91A924602009ACFEC /* null.h */ = {isa = PBXFileReference; fileEncoding = 4; lastKnownFileType = sourcecode.c.h; path = null.h; sourceTree = "<group>"; };
		055EB3FA1A924602009ACFEC /* off_t.h */ = {isa = PBXFileReference; fileEncoding = 4; lastKnownFileType = sourcecode.c.h; path = off_t.h; sourceTree = "<group>"; };
		055EB3FB1A924602009ACFEC /* once_flag.h */ = {isa = PBXFileReference; fileEncoding = 4; lastKnownFileType = sourcecode.c.h; path = once_flag.h; sourceTree = "<group>"; };
		055EB3FC1A924602009ACFEC /* pid_t.h */ = {isa = PBXFileReference; fileEncoding = 4; lastKnownFileType = sourcecode.c.h; path = pid_t.h; sourceTree = "<group>"; };
		055EB3FD1A924602009ACFEC /* pthread_attr_t.h */ = {isa = PBXFileReference; fileEncoding = 4; lastKnownFileType = sourcecode.c.h; path = pthread_attr_t.h; sourceTree = "<group>"; };
		055EB3FE1A924602009ACFEC /* pthread_barrier_t.h */ = {isa = PBXFileReference; fileEncoding = 4; lastKnownFileType = sourcecode.c.h; path = pthread_barrier_t.h; sourceTree = "<group>"; };
		055EB3FF1A924602009ACFEC /* pthread_barrierattr_t.h */ = {isa = PBXFileReference; fileEncoding = 4; lastKnownFileType = sourcecode.c.h; path = pthread_barrierattr_t.h; sourceTree = "<group>"; };
		055EB4001A924602009ACFEC /* pthread_cond_t.h */ = {isa = PBXFileReference; fileEncoding = 4; lastKnownFileType = sourcecode.c.h; path = pthread_cond_t.h; sourceTree = "<group>"; };
		055EB4011A924602009ACFEC /* pthread_condattr_t.h */ = {isa = PBXFileReference; fileEncoding = 4; lastKnownFileType = sourcecode.c.h; path = pthread_condattr_t.h; sourceTree = "<group>"; };
		055EB4021A924602009ACFEC /* pthread_key_t.h */ = {isa = PBXFileReference; fileEncoding = 4; lastKnownFileType = sourcecode.c.h; path = pthread_key_t.h; sourceTree = "<group>"; };
		055EB4031A924602009ACFEC /* pthread_mutex_t.h */ = {isa = PBXFileReference; fileEncoding = 4; lastKnownFileType = sourcecode.c.h; path = pthread_mutex_t.h; sourceTree = "<group>"; };
		055EB4041A924602009ACFEC /* pthread_mutexattr_t.h */ = {isa = PBXFileReference; fileEncoding = 4; lastKnownFileType = sourcecode.c.h; path = pthread_mutexattr_t.h; sourceTree = "<group>"; };
		055EB4051A924602009ACFEC /* pthread_once_t.h */ = {isa = PBXFileReference; fileEncoding = 4; lastKnownFileType = sourcecode.c.h; path = pthread_once_t.h; sourceTree = "<group>"; };
		055EB4061A924602009ACFEC /* pthread_rwlock_t.h */ = {isa = PBXFileReference; fileEncoding = 4; lastKnownFileType = sourcecode.c.h; path = pthread_rwlock_t.h; sourceTree = "<group>"; };
		055EB4071A924602009ACFEC /* pthread_rwlockattr_t.h */ = {isa = PBXFileReference; fileEncoding = 4; lastKnownFileType = sourcecode.c.h; path = pthread_rwlockattr_t.h; sourceTree = "<group>"; };
		055EB4081A924602009ACFEC /* pthread_spinlock_t.h */ = {isa = PBXFileReference; fileEncoding = 4; lastKnownFileType = sourcecode.c.h; path = pthread_spinlock_t.h; sourceTree = "<group>"; };
		055EB4091A924602009ACFEC /* pthread_t.h */ = {isa = PBXFileReference; fileEncoding = 4; lastKnownFileType = sourcecode.c.h; path = pthread_t.h; sourceTree = "<group>"; };
		055EB40A1A924602009ACFEC /* ptrdiff_t.h */ = {isa = PBXFileReference; fileEncoding = 4; lastKnownFileType = sourcecode.c.h; path = ptrdiff_t.h; sourceTree = "<group>"; };
		055EB40B1A924602009ACFEC /* sa_family_t.h */ = {isa = PBXFileReference; fileEncoding = 4; lastKnownFileType = sourcecode.c.h; path = sa_family_t.h; sourceTree = "<group>"; };
		055EB40C1A924602009ACFEC /* seek_cur.h */ = {isa = PBXFileReference; fileEncoding = 4; lastKnownFileType = sourcecode.c.h; path = seek_cur.h; sourceTree = "<group>"; };
		055EB40D1A924602009ACFEC /* seek_end.h */ = {isa = PBXFileReference; fileEncoding = 4; lastKnownFileType = sourcecode.c.h; path = seek_end.h; sourceTree = "<group>"; };
		055EB40E1A924602009ACFEC /* seek_set.h */ = {isa = PBXFileReference; fileEncoding = 4; lastKnownFileType = sourcecode.c.h; path = seek_set.h; sourceTree = "<group>"; };
		055EB40F1A924602009ACFEC /* sig_atomic_t.h */ = {isa = PBXFileReference; fileEncoding = 4; lastKnownFileType = sourcecode.c.h; path = sig_atomic_t.h; sourceTree = "<group>"; };
		055EB4101A924602009ACFEC /* siginfo_t.h */ = {isa = PBXFileReference; fileEncoding = 4; lastKnownFileType = sourcecode.c.h; path = siginfo_t.h; sourceTree = "<group>"; };
		055EB4111A924602009ACFEC /* sigset_t.h */ = {isa = PBXFileReference; fileEncoding = 4; lastKnownFileType = sourcecode.c.h; path = sigset_t.h; sourceTree = "<group>"; };
		055EB4121A924602009ACFEC /* size_t.h */ = {isa = PBXFileReference; fileEncoding = 4; lastKnownFileType = sourcecode.c.h; path = size_t.h; sourceTree = "<group>"; };
		055EB4131A924602009ACFEC /* socklen_t.h */ = {isa = PBXFileReference; fileEncoding = 4; lastKnownFileType = sourcecode.c.h; path = socklen_t.h; sourceTree = "<group>"; };
		055EB4141A924602009ACFEC /* ssize_t.h */ = {isa = PBXFileReference; fileEncoding = 4; lastKnownFileType = sourcecode.c.h; path = ssize_t.h; sourceTree = "<group>"; };
		055EB4151A924602009ACFEC /* stack_t.h */ = {isa = PBXFileReference; fileEncoding = 4; lastKnownFileType = sourcecode.c.h; path = stack_t.h; sourceTree = "<group>"; };
		055EB4161A924602009ACFEC /* struct_aiocb.h */ = {isa = PBXFileReference; fileEncoding = 4; lastKnownFileType = sourcecode.c.h; path = struct_aiocb.h; sourceTree = "<group>"; };
		055EB4171A924602009ACFEC /* struct_in6_addr.h */ = {isa = PBXFileReference; fileEncoding = 4; lastKnownFileType = sourcecode.c.h; path = struct_in6_addr.h; sourceTree = "<group>"; };
		055EB4181A924602009ACFEC /* struct_in_addr.h */ = {isa = PBXFileReference; fileEncoding = 4; lastKnownFileType = sourcecode.c.h; path = struct_in_addr.h; sourceTree = "<group>"; };
		055EB4191A924602009ACFEC /* struct_ipv6_mreq.h */ = {isa = PBXFileReference; fileEncoding = 4; lastKnownFileType = sourcecode.c.h; path = struct_ipv6_mreq.h; sourceTree = "<group>"; };
		055EB41A1A924602009ACFEC /* struct_itimerspec.h */ = {isa = PBXFileReference; fileEncoding = 4; lastKnownFileType = sourcecode.c.h; path = struct_itimerspec.h; sourceTree = "<group>"; };
		055EB41B1A924602009ACFEC /* struct_lconv.h */ = {isa = PBXFileReference; fileEncoding = 4; lastKnownFileType = sourcecode.c.h; path = struct_lconv.h; sourceTree = "<group>"; };
		055EB41C1A924602009ACFEC /* struct_posix_typed_mem_info.h */ = {isa = PBXFileReference; fileEncoding = 4; lastKnownFileType = sourcecode.c.h; path = struct_posix_typed_mem_info.h; sourceTree = "<group>"; };
		055EB41D1A924602009ACFEC /* struct_sched_param.h */ = {isa = PBXFileReference; fileEncoding = 4; lastKnownFileType = sourcecode.c.h; path = struct_sched_param.h; sourceTree = "<group>"; };
		055EB41E1A924602009ACFEC /* struct_sigaction.h */ = {isa = PBXFileReference; fileEncoding = 4; lastKnownFileType = sourcecode.c.h; path = struct_sigaction.h; sourceTree = "<group>"; };
		055EB41F1A924602009ACFEC /* struct_sigevent.h */ = {isa = PBXFileReference; fileEncoding = 4; lastKnownFileType = sourcecode.c.h; path = struct_sigevent.h; sourceTree = "<group>"; };
		055EB4201A924602009ACFEC /* struct_sockaddr_in.h */ = {isa = PBXFileReference; fileEncoding = 4; lastKnownFileType = sourcecode.c.h; path = struct_sockaddr_in.h; sourceTree = "<group>"; };
		055EB4211A924602009ACFEC /* struct_sockaddr_in6.h */ = {isa = PBXFileReference; fileEncoding = 4; lastKnownFileType = sourcecode.c.h; path = struct_sockaddr_in6.h; sourceTree = "<group>"; };
		055EB4221A924602009ACFEC /* struct_timespec.h */ = {isa = PBXFileReference; fileEncoding = 4; lastKnownFileType = sourcecode.c.h; path = struct_timespec.h; sourceTree = "<group>"; };
		055EB4231A924602009ACFEC /* struct_tm.h */ = {isa = PBXFileReference; fileEncoding = 4; lastKnownFileType = sourcecode.c.h; path = struct_tm.h; sourceTree = "<group>"; };
		055EB4241A924602009ACFEC /* suseconds_t.h */ = {isa = PBXFileReference; fileEncoding = 4; lastKnownFileType = sourcecode.c.h; path = suseconds_t.h; sourceTree = "<group>"; };
		055EB4251A924602009ACFEC /* thrd_start_t.h */ = {isa = PBXFileReference; fileEncoding = 4; lastKnownFileType = sourcecode.c.h; path = thrd_start_t.h; sourceTree = "<group>"; };
		055EB4261A924602009ACFEC /* thrd_t.h */ = {isa = PBXFileReference; fileEncoding = 4; lastKnownFileType = sourcecode.c.h; path = thrd_t.h; sourceTree = "<group>"; };
		055EB4271A924602009ACFEC /* time_t.h */ = {isa = PBXFileReference; fileEncoding = 4; lastKnownFileType = sourcecode.c.h; path = time_t.h; sourceTree = "<group>"; };
		055EB4281A924602009ACFEC /* timer_t.h */ = {isa = PBXFileReference; fileEncoding = 4; lastKnownFileType = sourcecode.c.h; path = timer_t.h; sourceTree = "<group>"; };
		055EB4291A924602009ACFEC /* trace_attr_t.h */ = {isa = PBXFileReference; fileEncoding = 4; lastKnownFileType = sourcecode.c.h; path = trace_attr_t.h; sourceTree = "<group>"; };
		055EB42A1A924602009ACFEC /* trace_event_id_t.h */ = {isa = PBXFileReference; fileEncoding = 4; lastKnownFileType = sourcecode.c.h; path = trace_event_id_t.h; sourceTree = "<group>"; };
		055EB42B1A924602009ACFEC /* trace_event_set_t.h */ = {isa = PBXFileReference; fileEncoding = 4; lastKnownFileType = sourcecode.c.h; path = trace_event_set_t.h; sourceTree = "<group>"; };
		055EB42C1A924602009ACFEC /* trace_id_t.h */ = {isa = PBXFileReference; fileEncoding = 4; lastKnownFileType = sourcecode.c.h; path = trace_id_t.h; sourceTree = "<group>"; };
		055EB42D1A924602009ACFEC /* tss_dtor_t.h */ = {isa = PBXFileReference; fileEncoding = 4; lastKnownFileType = sourcecode.c.h; path = tss_dtor_t.h; sourceTree = "<group>"; };
		055EB42E1A924602009ACFEC /* tss_t.h */ = {isa = PBXFileReference; fileEncoding = 4; lastKnownFileType = sourcecode.c.h; path = tss_t.h; sourceTree = "<group>"; };
		055EB42F1A924602009ACFEC /* ucontext_t.h */ = {isa = PBXFileReference; fileEncoding = 4; lastKnownFileType = sourcecode.c.h; path = ucontext_t.h; sourceTree = "<group>"; };
		055EB4301A924602009ACFEC /* uid_t.h */ = {isa = PBXFileReference; fileEncoding = 4; lastKnownFileType = sourcecode.c.h; path = uid_t.h; sourceTree = "<group>"; };
		055EB4311A924602009ACFEC /* uint16_t.h */ = {isa = PBXFileReference; fileEncoding = 4; lastKnownFileType = sourcecode.c.h; path = uint16_t.h; sourceTree = "<group>"; };
		055EB4321A924602009ACFEC /* uint32_t.h */ = {isa = PBXFileReference; fileEncoding = 4; lastKnownFileType = sourcecode.c.h; path = uint32_t.h; sourceTree = "<group>"; };
		055EB4331A924602009ACFEC /* uint64_t.h */ = {isa = PBXFileReference; fileEncoding = 4; lastKnownFileType = sourcecode.c.h; path = uint64_t.h; sourceTree = "<group>"; };
		055EB4341A924602009ACFEC /* uint8_t.h */ = {isa = PBXFileReference; fileEncoding = 4; lastKnownFileType = sourcecode.c.h; path = uint8_t.h; sourceTree = "<group>"; };
		055EB4351A924602009ACFEC /* uint_fast16_t.h */ = {isa = PBXFileReference; fileEncoding = 4; lastKnownFileType = sourcecode.c.h; path = uint_fast16_t.h; sourceTree = "<group>"; };
		055EB4361A924602009ACFEC /* uint_fast32_t.h */ = {isa = PBXFileReference; fileEncoding = 4; lastKnownFileType = sourcecode.c.h; path = uint_fast32_t.h; sourceTree = "<group>"; };
		055EB4371A924602009ACFEC /* uint_fast64_t.h */ = {isa = PBXFileReference; fileEncoding = 4; lastKnownFileType = sourcecode.c.h; path = uint_fast64_t.h; sourceTree = "<group>"; };
		055EB4381A924602009ACFEC /* uint_fast8_t.h */ = {isa = PBXFileReference; fileEncoding = 4; lastKnownFileType = sourcecode.c.h; path = uint_fast8_t.h; sourceTree = "<group>"; };
		055EB4391A924602009ACFEC /* uint_least16_t.h */ = {isa = PBXFileReference; fileEncoding = 4; lastKnownFileType = sourcecode.c.h; path = uint_least16_t.h; sourceTree = "<group>"; };
		055EB43A1A924602009ACFEC /* uint_least32_t.h */ = {isa = PBXFileReference; fileEncoding = 4; lastKnownFileType = sourcecode.c.h; path = uint_least32_t.h; sourceTree = "<group>"; };
		055EB43B1A924602009ACFEC /* uint_least64_t.h */ = {isa = PBXFileReference; fileEncoding = 4; lastKnownFileType = sourcecode.c.h; path = uint_least64_t.h; sourceTree = "<group>"; };
		055EB43C1A924602009ACFEC /* uint_least8_t.h */ = {isa = PBXFileReference; fileEncoding = 4; lastKnownFileType = sourcecode.c.h; path = uint_least8_t.h; sourceTree = "<group>"; };
		055EB43D1A924602009ACFEC /* uintmax_t.h */ = {isa = PBXFileReference; fileEncoding = 4; lastKnownFileType = sourcecode.c.h; path = uintmax_t.h; sourceTree = "<group>"; };
		055EB43E1A924602009ACFEC /* uintptr_t.h */ = {isa = PBXFileReference; fileEncoding = 4; lastKnownFileType = sourcecode.c.h; path = uintptr_t.h; sourceTree = "<group>"; };
		055EB43F1A924602009ACFEC /* union_sigval.h */ = {isa = PBXFileReference; fileEncoding = 4; lastKnownFileType = sourcecode.c.h; path = union_sigval.h; sourceTree = "<group>"; };
		055EB4401A924602009ACFEC /* useconds_t.h */ = {isa = PBXFileReference; fileEncoding = 4; lastKnownFileType = sourcecode.c.h; path = useconds_t.h; sourceTree = "<group>"; };
		055EB4411A924602009ACFEC /* va_list.h */ = {isa = PBXFileReference; fileEncoding = 4; lastKnownFileType = sourcecode.c.h; path = va_list.h; sourceTree = "<group>"; };
		055EB4421A924602009ACFEC /* wchar_t.h */ = {isa = PBXFileReference; fileEncoding = 4; lastKnownFileType = sourcecode.c.h; path = wchar_t.h; sourceTree = "<group>"; };
		055EB4431A924602009ACFEC /* Makefile */ = {isa = PBXFileReference; fileEncoding = 4; lastKnownFileType = sourcecode.make; path = Makefile; sourceTree = "<group>"; };
		055EB4441A924602009ACFEC /* README.md */ = {isa = PBXFileReference; fileEncoding = 4; lastKnownFileType = net.daringfireball.markdown; path = README.md; sourceTree = "<group>"; };
		055EB44A1A924602009ACFEC /* System_Error_StringFromError.c */ = {isa = PBXFileReference; fileEncoding = 4; lastKnownFileType = sourcecode.c.c; path = System_Error_StringFromError.c; sourceTree = "<group>"; };
		055EB44C1A924602009ACFEC /* __locale.c */ = {isa = PBXFileReference; fileEncoding = 4; lastKnownFileType = sourcecode.c.c; path = __locale.c; sourceTree = "<group>"; };
		055EB44D1A924602009ACFEC /* System_Locale_Create.c */ = {isa = PBXFileReference; fileEncoding = 4; lastKnownFileType = sourcecode.c.c; path = System_Locale_Create.c; sourceTree = "<group>"; };
		055EB44E1A924602009ACFEC /* System_Locale_CType_IsAlpha.c */ = {isa = PBXFileReference; fileEncoding = 4; lastKnownFileType = sourcecode.c.c; path = System_Locale_CType_IsAlpha.c; sourceTree = "<group>"; };
		055EB44F1A924602009ACFEC /* System_Locale_CType_IsAlphaNumeric.c */ = {isa = PBXFileReference; fileEncoding = 4; lastKnownFileType = sourcecode.c.c; path = System_Locale_CType_IsAlphaNumeric.c; sourceTree = "<group>"; };
		055EB4501A924602009ACFEC /* System_Locale_CType_IsASCII.c */ = {isa = PBXFileReference; fileEncoding = 4; lastKnownFileType = sourcecode.c.c; path = System_Locale_CType_IsASCII.c; sourceTree = "<group>"; };
		055EB4511A924602009ACFEC /* System_Locale_CType_IsBlank.c */ = {isa = PBXFileReference; fileEncoding = 4; lastKnownFileType = sourcecode.c.c; path = System_Locale_CType_IsBlank.c; sourceTree = "<group>"; };
		055EB4521A924602009ACFEC /* System_Locale_CType_IsControl.c */ = {isa = PBXFileReference; fileEncoding = 4; lastKnownFileType = sourcecode.c.c; path = System_Locale_CType_IsControl.c; sourceTree = "<group>"; };
		055EB4531A924602009ACFEC /* System_Locale_CType_IsDigit.c */ = {isa = PBXFileReference; fileEncoding = 4; lastKnownFileType = sourcecode.c.c; path = System_Locale_CType_IsDigit.c; sourceTree = "<group>"; };
		055EB4541A924602009ACFEC /* System_Locale_CType_IsGraph.c */ = {isa = PBXFileReference; fileEncoding = 4; lastKnownFileType = sourcecode.c.c; path = System_Locale_CType_IsGraph.c; sourceTree = "<group>"; };
		055EB4551A924602009ACFEC /* System_Locale_CType_IsLower.c */ = {isa = PBXFileReference; fileEncoding = 4; lastKnownFileType = sourcecode.c.c; path = System_Locale_CType_IsLower.c; sourceTree = "<group>"; };
		055EB4561A924602009ACFEC /* System_Locale_CType_IsPrint.c */ = {isa = PBXFileReference; fileEncoding = 4; lastKnownFileType = sourcecode.c.c; path = System_Locale_CType_IsPrint.c; sourceTree = "<group>"; };
		055EB4571A924602009ACFEC /* System_Locale_CType_IsPunct.c */ = {isa = PBXFileReference; fileEncoding = 4; lastKnownFileType = sourcecode.c.c; path = System_Locale_CType_IsPunct.c; sourceTree = "<group>"; };
		055EB4581A924602009ACFEC /* System_Locale_CType_IsSpace.c */ = {isa = PBXFileReference; fileEncoding = 4; lastKnownFileType = sourcecode.c.c; path = System_Locale_CType_IsSpace.c; sourceTree = "<group>"; };
		055EB4591A924602009ACFEC /* System_Locale_CType_IsUpper.c */ = {isa = PBXFileReference; fileEncoding = 4; lastKnownFileType = sourcecode.c.c; path = System_Locale_CType_IsUpper.c; sourceTree = "<group>"; };
		055EB45A1A924602009ACFEC /* System_Locale_CType_IsXDigit.c */ = {isa = PBXFileReference; fileEncoding = 4; lastKnownFileType = sourcecode.c.c; path = System_Locale_CType_IsXDigit.c; sourceTree = "<group>"; };
		055EB45B1A924602009ACFEC /* System_Locale_CType_ToASCII.c */ = {isa = PBXFileReference; fileEncoding = 4; lastKnownFileType = sourcecode.c.c; path = System_Locale_CType_ToASCII.c; sourceTree = "<group>"; };
		055EB45C1A924602009ACFEC /* System_Locale_CType_ToLower.c */ = {isa = PBXFileReference; fileEncoding = 4; lastKnownFileType = sourcecode.c.c; path = System_Locale_CType_ToLower.c; sourceTree = "<group>"; };
		055EB45D1A924602009ACFEC /* System_Locale_CType_ToUpper.c */ = {isa = PBXFileReference; fileEncoding = 4; lastKnownFileType = sourcecode.c.c; path = System_Locale_CType_ToUpper.c; sourceTree = "<group>"; };
		055EB45E1A924602009ACFEC /* System_Locale_Duplicate.c */ = {isa = PBXFileReference; fileEncoding = 4; lastKnownFileType = sourcecode.c.c; path = System_Locale_Duplicate.c; sourceTree = "<group>"; };
		055EB45F1A924602009ACFEC /* System_Locale_Free.c */ = {isa = PBXFileReference; fileEncoding = 4; lastKnownFileType = sourcecode.c.c; path = System_Locale_Free.c; sourceTree = "<group>"; };
		055EB4601A924602009ACFEC /* System_Locale_GetCLocale.c */ = {isa = PBXFileReference; fileEncoding = 4; lastKnownFileType = sourcecode.c.c; path = System_Locale_GetCLocale.c; sourceTree = "<group>"; };
		055EB4611A924602009ACFEC /* System_Locale_GetCollate.c */ = {isa = PBXFileReference; fileEncoding = 4; lastKnownFileType = sourcecode.c.c; path = System_Locale_GetCollate.c; sourceTree = "<group>"; };
		055EB4621A924602009ACFEC /* System_Locale_GetCType.c */ = {isa = PBXFileReference; fileEncoding = 4; lastKnownFileType = sourcecode.c.c; path = System_Locale_GetCType.c; sourceTree = "<group>"; };
		055EB4631A924602009ACFEC /* System_Locale_GetCurrentLocale.c */ = {isa = PBXFileReference; fileEncoding = 4; lastKnownFileType = sourcecode.c.c; path = System_Locale_GetCurrentLocale.c; sourceTree = "<group>"; };
		055EB4641A924602009ACFEC /* System_Locale_GetDefaultLocale.c */ = {isa = PBXFileReference; fileEncoding = 4; lastKnownFileType = sourcecode.c.c; path = System_Locale_GetDefaultLocale.c; sourceTree = "<group>"; };
		055EB4651A924602009ACFEC /* System_Locale_GetLConv.c */ = {isa = PBXFileReference; fileEncoding = 4; lastKnownFileType = sourcecode.c.c; path = System_Locale_GetLConv.c; sourceTree = "<group>"; };
		055EB4661A924602009ACFEC /* System_Locale_GetLocale.c */ = {isa = PBXFileReference; fileEncoding = 4; lastKnownFileType = sourcecode.c.c; path = System_Locale_GetLocale.c; sourceTree = "<group>"; };
		055EB4671A924602009ACFEC /* System_Locale_GetMessages.c */ = {isa = PBXFileReference; fileEncoding = 4; lastKnownFileType = sourcecode.c.c; path = System_Locale_GetMessages.c; sourceTree = "<group>"; };
		055EB4681A924602009ACFEC /* System_Locale_GetMonetary.c */ = {isa = PBXFileReference; fileEncoding = 4; lastKnownFileType = sourcecode.c.c; path = System_Locale_GetMonetary.c; sourceTree = "<group>"; };
		055EB4691A924602009ACFEC /* System_Locale_GetNumeric.c */ = {isa = PBXFileReference; fileEncoding = 4; lastKnownFileType = sourcecode.c.c; path = System_Locale_GetNumeric.c; sourceTree = "<group>"; };
		055EB46A1A924602009ACFEC /* System_Locale_GetPOSIXLocale.c */ = {isa = PBXFileReference; fileEncoding = 4; lastKnownFileType = sourcecode.c.c; path = System_Locale_GetPOSIXLocale.c; sourceTree = "<group>"; };
		055EB46B1A924602009ACFEC /* System_Locale_GetTime.c */ = {isa = PBXFileReference; fileEncoding = 4; lastKnownFileType = sourcecode.c.c; path = System_Locale_GetTime.c; sourceTree = "<group>"; };
		055EB46C1A924602009ACFEC /* System_Locale_SetLocale.c */ = {isa = PBXFileReference; fileEncoding = 4; lastKnownFileType = sourcecode.c.c; path = System_Locale_SetLocale.c; sourceTree = "<group>"; };
		055EB46D1A924602009ACFEC /* System_Locale_Use.c */ = {isa = PBXFileReference; fileEncoding = 4; lastKnownFileType = sourcecode.c.c; path = System_Locale_Use.c; sourceTree = "<group>"; };
		055EB4701A924602009ACFEC /* US-ASCII.txt */ = {isa = PBXFileReference; fileEncoding = 4; lastKnownFileType = text; path = "US-ASCII.txt"; sourceTree = "<group>"; };
		055EB4731A924602009ACFEC /* LC_COLLATE.txt */ = {isa = PBXFileReference; fileEncoding = 4; lastKnownFileType = text; path = LC_COLLATE.txt; sourceTree = "<group>"; };
		055EB4741A924602009ACFEC /* LC_CTYPE.txt */ = {isa = PBXFileReference; fileEncoding = 4; lastKnownFileType = text; path = LC_CTYPE.txt; sourceTree = "<group>"; };
		055EB4751A924602009ACFEC /* LC_MESSAGES.txt */ = {isa = PBXFileReference; fileEncoding = 4; lastKnownFileType = text; path = LC_MESSAGES.txt; sourceTree = "<group>"; };
		055EB4761A924602009ACFEC /* LC_MONETARY.txt */ = {isa = PBXFileReference; fileEncoding = 4; lastKnownFileType = text; path = LC_MONETARY.txt; sourceTree = "<group>"; };
		055EB4771A924602009ACFEC /* LC_NUMERIC.txt */ = {isa = PBXFileReference; fileEncoding = 4; lastKnownFileType = text; path = LC_NUMERIC.txt; sourceTree = "<group>"; };
		055EB4781A924602009ACFEC /* LC_TIME.txt */ = {isa = PBXFileReference; fileEncoding = 4; lastKnownFileType = text; path = LC_TIME.txt; sourceTree = "<group>"; };
		055EB47A1A924602009ACFEC /* __udivdi3.32.s */ = {isa = PBXFileReference; fileEncoding = 4; lastKnownFileType = sourcecode.asm; path = __udivdi3.32.s; sourceTree = "<group>"; };
		055EB47B1A924602009ACFEC /* __umoddi3.32.s */ = {isa = PBXFileReference; fileEncoding = 4; lastKnownFileType = sourcecode.asm; path = __umoddi3.32.s; sourceTree = "<group>"; };
		055EB47D1A924602009ACFEC /* syscall.c */ = {isa = PBXFileReference; fileEncoding = 4; lastKnownFileType = sourcecode.c.c; path = syscall.c; sourceTree = "<group>"; };
		05C954E41A9BB3CD006F5BC0 /* System_Atomic.i386.s */ = {isa = PBXFileReference; fileEncoding = 4; lastKnownFileType = sourcecode.asm; path = System_Atomic.i386.s; sourceTree = "<group>"; };
		05C954E51A9BB3CD006F5BC0 /* System_Atomic.x86_64.s */ = {isa = PBXFileReference; fileEncoding = 4; lastKnownFileType = sourcecode.asm; path = System_Atomic.x86_64.s; sourceTree = "<group>"; };
/* End PBXFileReference section */

/* Begin PBXGroup section */
		055EB3BD1A924602009ACFEC /* include */ = {
			isa = PBXGroup;
			children = (
				055EB3BE1A924602009ACFEC /* system */,
			);
			path = include;
			sourceTree = "<group>";
		};
		055EB3BE1A924602009ACFEC /* system */ = {
			isa = PBXGroup;
			children = (
				055EB3BF1A924602009ACFEC /* __private */,
				055EB3C11A924602009ACFEC /* atomic.h */,
				055EB3C21A924602009ACFEC /* error.h */,
				055EB3C31A924602009ACFEC /* locale.h */,
				055EB3C41A924602009ACFEC /* macros.h */,
				055EB3C51A924602009ACFEC /* syscall.h */,
				055EB3C61A924602009ACFEC /* types */,
			);
			path = system;
			sourceTree = "<group>";
		};
		055EB3BF1A924602009ACFEC /* __private */ = {
			isa = PBXGroup;
			children = (
				055EB3C01A924602009ACFEC /* locale.h */,
			);
			path = __private;
			sourceTree = "<group>";
		};
		055EB3C61A924602009ACFEC /* types */ = {
			isa = PBXGroup;
			children = (
				055EB3C71A924602009ACFEC /* __private */,
				055EB3CA1A924602009ACFEC /* blkcnt_t.h */,
				055EB3CB1A924602009ACFEC /* blksize_t.h */,
				055EB3CC1A924602009ACFEC /* clock_t.h */,
				055EB3CD1A924602009ACFEC /* clockid_t.h */,
				055EB3CE1A924602009ACFEC /* cnd_t.h */,
				055EB3CF1A924602009ACFEC /* dev_t.h */,
				055EB3D01A924602009ACFEC /* div_t.h */,
				055EB3D11A924602009ACFEC /* double_t.h */,
				055EB3D21A924602009ACFEC /* fenv_t.h */,
				055EB3D31A924602009ACFEC /* fexcept_t.h */,
				055EB3D41A924602009ACFEC /* file.h */,
				055EB3D51A924602009ACFEC /* float_t.h */,
				055EB3D61A924602009ACFEC /* flt_eval_method.h */,
				055EB3D71A924602009ACFEC /* fpos_t.h */,
				055EB3D81A924602009ACFEC /* fsblkcnt_t.h */,
				055EB3D91A924602009ACFEC /* fsfilcnt_t.h */,
				055EB3DA1A924602009ACFEC /* gid_t.h */,
				055EB3DB1A924602009ACFEC /* iconv_t.h */,
				055EB3DC1A924602009ACFEC /* id_t.h */,
				055EB3DD1A924602009ACFEC /* in_addr_t.h */,
				055EB3DE1A924602009ACFEC /* in_port_t.h */,
				055EB3DF1A924602009ACFEC /* inet6_addrstrlen.h */,
				055EB3E01A924602009ACFEC /* inet_addrstrlen.h */,
				055EB3E11A924602009ACFEC /* ino_t.h */,
				055EB3E21A924602009ACFEC /* int16_t.h */,
				055EB3E31A924602009ACFEC /* int32_t.h */,
				055EB3E41A924602009ACFEC /* int64_t.h */,
				055EB3E51A924602009ACFEC /* int8_t.h */,
				055EB3E61A924602009ACFEC /* int_fast16_t.h */,
				055EB3E71A924602009ACFEC /* int_fast32_t.h */,
				055EB3E81A924602009ACFEC /* int_fast64_t.h */,
				055EB3E91A924602009ACFEC /* int_fast8_t.h */,
				055EB3EA1A924602009ACFEC /* int_least16_t.h */,
				055EB3EB1A924602009ACFEC /* int_least32_t.h */,
				055EB3EC1A924602009ACFEC /* int_least64_t.h */,
				055EB3ED1A924602009ACFEC /* int_least8_t.h */,
				055EB3EE1A924602009ACFEC /* intmax_t.h */,
				055EB3EF1A924602009ACFEC /* intptr_t.h */,
				055EB3F01A924602009ACFEC /* jmp_buf.h */,
				055EB3F11A924602009ACFEC /* key_t.h */,
				055EB3F21A924602009ACFEC /* ldiv_t.h */,
				055EB3F31A924602009ACFEC /* lldiv_t.h */,
				055EB3F41A924602009ACFEC /* locale_t.h */,
				055EB3F51A924602009ACFEC /* mcontext_t.h */,
				055EB3F61A924602009ACFEC /* mode_t.h */,
				055EB3F71A924602009ACFEC /* mtx_t.h */,
				055EB3F81A924602009ACFEC /* nlink_t.h */,
				055EB3F91A924602009ACFEC /* null.h */,
				055EB3FA1A924602009ACFEC /* off_t.h */,
				055EB3FB1A924602009ACFEC /* once_flag.h */,
				055EB3FC1A924602009ACFEC /* pid_t.h */,
				055EB3FD1A924602009ACFEC /* pthread_attr_t.h */,
				055EB3FE1A924602009ACFEC /* pthread_barrier_t.h */,
				055EB3FF1A924602009ACFEC /* pthread_barrierattr_t.h */,
				055EB4001A924602009ACFEC /* pthread_cond_t.h */,
				055EB4011A924602009ACFEC /* pthread_condattr_t.h */,
				055EB4021A924602009ACFEC /* pthread_key_t.h */,
				055EB4031A924602009ACFEC /* pthread_mutex_t.h */,
				055EB4041A924602009ACFEC /* pthread_mutexattr_t.h */,
				055EB4051A924602009ACFEC /* pthread_once_t.h */,
				055EB4061A924602009ACFEC /* pthread_rwlock_t.h */,
				055EB4071A924602009ACFEC /* pthread_rwlockattr_t.h */,
				055EB4081A924602009ACFEC /* pthread_spinlock_t.h */,
				055EB4091A924602009ACFEC /* pthread_t.h */,
				055EB40A1A924602009ACFEC /* ptrdiff_t.h */,
				055EB40B1A924602009ACFEC /* sa_family_t.h */,
				055EB40C1A924602009ACFEC /* seek_cur.h */,
				055EB40D1A924602009ACFEC /* seek_end.h */,
				055EB40E1A924602009ACFEC /* seek_set.h */,
				055EB40F1A924602009ACFEC /* sig_atomic_t.h */,
				055EB4101A924602009ACFEC /* siginfo_t.h */,
				055EB4111A924602009ACFEC /* sigset_t.h */,
				055EB4121A924602009ACFEC /* size_t.h */,
				055EB4131A924602009ACFEC /* socklen_t.h */,
				055EB4141A924602009ACFEC /* ssize_t.h */,
				055EB4151A924602009ACFEC /* stack_t.h */,
				055EB4161A924602009ACFEC /* struct_aiocb.h */,
				055EB4171A924602009ACFEC /* struct_in6_addr.h */,
				055EB4181A924602009ACFEC /* struct_in_addr.h */,
				055EB4191A924602009ACFEC /* struct_ipv6_mreq.h */,
				055EB41A1A924602009ACFEC /* struct_itimerspec.h */,
				055EB41B1A924602009ACFEC /* struct_lconv.h */,
				055EB41C1A924602009ACFEC /* struct_posix_typed_mem_info.h */,
				055EB41D1A924602009ACFEC /* struct_sched_param.h */,
				055EB41E1A924602009ACFEC /* struct_sigaction.h */,
				055EB41F1A924602009ACFEC /* struct_sigevent.h */,
				055EB4201A924602009ACFEC /* struct_sockaddr_in.h */,
				055EB4211A924602009ACFEC /* struct_sockaddr_in6.h */,
				055EB4221A924602009ACFEC /* struct_timespec.h */,
				055EB4231A924602009ACFEC /* struct_tm.h */,
				055EB4241A924602009ACFEC /* suseconds_t.h */,
				055EB4251A924602009ACFEC /* thrd_start_t.h */,
				055EB4261A924602009ACFEC /* thrd_t.h */,
				055EB4271A924602009ACFEC /* time_t.h */,
				055EB4281A924602009ACFEC /* timer_t.h */,
				055EB4291A924602009ACFEC /* trace_attr_t.h */,
				055EB42A1A924602009ACFEC /* trace_event_id_t.h */,
				055EB42B1A924602009ACFEC /* trace_event_set_t.h */,
				055EB42C1A924602009ACFEC /* trace_id_t.h */,
				055EB42D1A924602009ACFEC /* tss_dtor_t.h */,
				055EB42E1A924602009ACFEC /* tss_t.h */,
				055EB42F1A924602009ACFEC /* ucontext_t.h */,
				055EB4301A924602009ACFEC /* uid_t.h */,
				055EB4311A924602009ACFEC /* uint16_t.h */,
				055EB4321A924602009ACFEC /* uint32_t.h */,
				055EB4331A924602009ACFEC /* uint64_t.h */,
				055EB4341A924602009ACFEC /* uint8_t.h */,
				055EB4351A924602009ACFEC /* uint_fast16_t.h */,
				055EB4361A924602009ACFEC /* uint_fast32_t.h */,
				055EB4371A924602009ACFEC /* uint_fast64_t.h */,
				055EB4381A924602009ACFEC /* uint_fast8_t.h */,
				055EB4391A924602009ACFEC /* uint_least16_t.h */,
				055EB43A1A924602009ACFEC /* uint_least32_t.h */,
				055EB43B1A924602009ACFEC /* uint_least64_t.h */,
				055EB43C1A924602009ACFEC /* uint_least8_t.h */,
				055EB43D1A924602009ACFEC /* uintmax_t.h */,
				055EB43E1A924602009ACFEC /* uintptr_t.h */,
				055EB43F1A924602009ACFEC /* union_sigval.h */,
				055EB4401A924602009ACFEC /* useconds_t.h */,
				055EB4411A924602009ACFEC /* va_list.h */,
				055EB4421A924602009ACFEC /* wchar_t.h */,
			);
			path = types;
			sourceTree = "<group>";
		};
		055EB3C71A924602009ACFEC /* __private */ = {
			isa = PBXGroup;
			children = (
				055EB3C81A924602009ACFEC /* stdint.h */,
				055EB3C91A924602009ACFEC /* threads.h */,
			);
			path = __private;
			sourceTree = "<group>";
		};
		055EB4451A924602009ACFEC /* source */ = {
			isa = PBXGroup;
			children = (
				055EB4461A924602009ACFEC /* atomic */,
				055EB4491A924602009ACFEC /* error */,
				055EB44B1A924602009ACFEC /* locale */,
				055EB46E1A924602009ACFEC /* locale-data */,
				055EB4791A924602009ACFEC /* rt */,
				055EB47C1A924602009ACFEC /* syscall */,
			);
			path = source;
			sourceTree = "<group>";
		};
		055EB4461A924602009ACFEC /* atomic */ = {
			isa = PBXGroup;
			children = (
				05C954E41A9BB3CD006F5BC0 /* System_Atomic.i386.s */,
				05C954E51A9BB3CD006F5BC0 /* System_Atomic.x86_64.s */,
			);
			path = atomic;
			sourceTree = "<group>";
		};
		055EB4491A924602009ACFEC /* error */ = {
			isa = PBXGroup;
			children = (
				055EB44A1A924602009ACFEC /* System_Error_StringFromError.c */,
			);
			path = error;
			sourceTree = "<group>";
		};
		055EB44B1A924602009ACFEC /* locale */ = {
			isa = PBXGroup;
			children = (
				055EB44C1A924602009ACFEC /* __locale.c */,
				055EB44D1A924602009ACFEC /* System_Locale_Create.c */,
				055EB44E1A924602009ACFEC /* System_Locale_CType_IsAlpha.c */,
				055EB44F1A924602009ACFEC /* System_Locale_CType_IsAlphaNumeric.c */,
				055EB4501A924602009ACFEC /* System_Locale_CType_IsASCII.c */,
				055EB4511A924602009ACFEC /* System_Locale_CType_IsBlank.c */,
				055EB4521A924602009ACFEC /* System_Locale_CType_IsControl.c */,
				055EB4531A924602009ACFEC /* System_Locale_CType_IsDigit.c */,
				055EB4541A924602009ACFEC /* System_Locale_CType_IsGraph.c */,
				055EB4551A924602009ACFEC /* System_Locale_CType_IsLower.c */,
				055EB4561A924602009ACFEC /* System_Locale_CType_IsPrint.c */,
				055EB4571A924602009ACFEC /* System_Locale_CType_IsPunct.c */,
				055EB4581A924602009ACFEC /* System_Locale_CType_IsSpace.c */,
				055EB4591A924602009ACFEC /* System_Locale_CType_IsUpper.c */,
				055EB45A1A924602009ACFEC /* System_Locale_CType_IsXDigit.c */,
				055EB45B1A924602009ACFEC /* System_Locale_CType_ToASCII.c */,
				055EB45C1A924602009ACFEC /* System_Locale_CType_ToLower.c */,
				055EB45D1A924602009ACFEC /* System_Locale_CType_ToUpper.c */,
				055EB45E1A924602009ACFEC /* System_Locale_Duplicate.c */,
				055EB45F1A924602009ACFEC /* System_Locale_Free.c */,
				055EB4601A924602009ACFEC /* System_Locale_GetCLocale.c */,
				055EB4611A924602009ACFEC /* System_Locale_GetCollate.c */,
				055EB4621A924602009ACFEC /* System_Locale_GetCType.c */,
				055EB4631A924602009ACFEC /* System_Locale_GetCurrentLocale.c */,
				055EB4641A924602009ACFEC /* System_Locale_GetDefaultLocale.c */,
				055EB4651A924602009ACFEC /* System_Locale_GetLConv.c */,
				055EB4661A924602009ACFEC /* System_Locale_GetLocale.c */,
				055EB4671A924602009ACFEC /* System_Locale_GetMessages.c */,
				055EB4681A924602009ACFEC /* System_Locale_GetMonetary.c */,
				055EB4691A924602009ACFEC /* System_Locale_GetNumeric.c */,
				055EB46A1A924602009ACFEC /* System_Locale_GetPOSIXLocale.c */,
				055EB46B1A924602009ACFEC /* System_Locale_GetTime.c */,
				055EB46C1A924602009ACFEC /* System_Locale_SetLocale.c */,
				055EB46D1A924602009ACFEC /* System_Locale_Use.c */,
			);
			path = locale;
			sourceTree = "<group>";
		};
		055EB46E1A924602009ACFEC /* locale-data */ = {
			isa = PBXGroup;
			children = (
				055EB46F1A924602009ACFEC /* charmaps */,
				055EB4711A924602009ACFEC /* locales */,
			);
			path = "locale-data";
			sourceTree = "<group>";
		};
		055EB46F1A924602009ACFEC /* charmaps */ = {
			isa = PBXGroup;
			children = (
				055EB4701A924602009ACFEC /* US-ASCII.txt */,
			);
			path = charmaps;
			sourceTree = "<group>";
		};
		055EB4711A924602009ACFEC /* locales */ = {
			isa = PBXGroup;
			children = (
				055EB4721A924602009ACFEC /* C.US-ASCII */,
			);
			path = locales;
			sourceTree = "<group>";
		};
		055EB4721A924602009ACFEC /* C.US-ASCII */ = {
			isa = PBXGroup;
			children = (
				055EB4731A924602009ACFEC /* LC_COLLATE.txt */,
				055EB4741A924602009ACFEC /* LC_CTYPE.txt */,
				055EB4751A924602009ACFEC /* LC_MESSAGES.txt */,
				055EB4761A924602009ACFEC /* LC_MONETARY.txt */,
				055EB4771A924602009ACFEC /* LC_NUMERIC.txt */,
				055EB4781A924602009ACFEC /* LC_TIME.txt */,
			);
			path = "C.US-ASCII";
			sourceTree = "<group>";
		};
		055EB4791A924602009ACFEC /* rt */ = {
			isa = PBXGroup;
			children = (
				055EB47A1A924602009ACFEC /* __udivdi3.32.s */,
				055EB47B1A924602009ACFEC /* __umoddi3.32.s */,
			);
			path = rt;
			sourceTree = "<group>";
		};
		055EB47C1A924602009ACFEC /* syscall */ = {
			isa = PBXGroup;
			children = (
				055EB47D1A924602009ACFEC /* syscall.c */,
			);
			path = syscall;
			sourceTree = "<group>";
		};
		0595BA7A17AC11A70021435A = {
			isa = PBXGroup;
			children = (
				055EB3BD1A924602009ACFEC /* include */,
				055EB4431A924602009ACFEC /* Makefile */,
				055EB4441A924602009ACFEC /* README.md */,
				055EB4451A924602009ACFEC /* source */,
			);
			sourceTree = "<group>";
		};
/* End PBXGroup section */

/* Begin PBXLegacyTarget section */
		0595BA7F17AC11A70021435A /* XEOS-lib-system */ = {
			isa = PBXLegacyTarget;
			buildArgumentsString = "$(ACTION)";
			buildConfigurationList = 0595BA8217AC11A70021435A /* Build configuration list for PBXLegacyTarget "XEOS-lib-system" */;
			buildPhases = (
			);
			buildToolPath = /usr/bin/make;
			buildWorkingDirectory = "";
			dependencies = (
			);
			name = "XEOS-lib-system";
			passBuildSettingsInEnvironment = 1;
			productName = "LIB-PTHREAD";
		};
/* End PBXLegacyTarget section */

/* Begin PBXProject section */
		0595BA7B17AC11A70021435A /* Project object */ = {
			isa = PBXProject;
			attributes = {
				LastUpgradeCheck = 0630;
				ORGANIZATIONNAME = "XS-Labs";
			};
			buildConfigurationList = 0595BA7E17AC11A70021435A /* Build configuration list for PBXProject "XEOS-lib-system" */;
			compatibilityVersion = "Xcode 3.2";
			developmentRegion = English;
			hasScannedForEncodings = 0;
			knownRegions = (
				en,
			);
			mainGroup = 0595BA7A17AC11A70021435A;
			projectDirPath = "";
			projectRoot = "";
			targets = (
				0595BA7F17AC11A70021435A /* XEOS-lib-system */,
			);
		};
/* End PBXProject section */

/* Begin XCBuildConfiguration section */
		0595BA8117AC11A70021435A /* Release */ = {
			isa = XCBuildConfiguration;
			buildSettings = {
			};
			name = Release;
		};
		0595BA8417AC11A70021435A /* Release */ = {
			isa = XCBuildConfiguration;
			buildSettings = {
			};
			name = Release;
		};
/* End XCBuildConfiguration section */

/* Begin XCConfigurationList section */
		0595BA7E17AC11A70021435A /* Build configuration list for PBXProject "XEOS-lib-system" */ = {
			isa = XCConfigurationList;
			buildConfigurations = (
				0595BA8117AC11A70021435A /* Release */,
			);
			defaultConfigurationIsVisible = 0;
			defaultConfigurationName = Release;
		};
		0595BA8217AC11A70021435A /* Build configuration list for PBXLegacyTarget "XEOS-lib-system" */ = {
			isa = XCConfigurationList;
			buildConfigurations = (
				0595BA8417AC11A70021435A /* Release */,
			);
			defaultConfigurationIsVisible = 0;
			defaultConfigurationName = Release;
		};
/* End XCConfigurationList section */
	};
	rootObject = 0595BA7B17AC11A70021435A /* Project object */;
}
